{
  "name": "Viewjs",
  "lockfileVersion": 3,
  "requires": true,
  "packages": {
    "": {
      "dependencies": {
        "@types/luxon": "^2.3.1",
        "luxon": "^2.3.1"
      }
    },
    "node_modules/@types/luxon": {
      "version": "2.3.1",
      "resolved": "https://registry.npmjs.org/@types/luxon/-/luxon-2.3.1.tgz",
      "integrity": "sha512-nAPUltOT28fal2eDZz8yyzNhBjHw1NEymFBP7Q9iCShqpflWPybxHbD7pw/46jQmT+HXOy1QN5hNTms8MOTlOQ==",
      "license": "MIT"
    },
    "node_modules/luxon": {
      "version": "2.3.1",
      "resolved": "https://registry.npmjs.org/luxon/-/luxon-2.3.1.tgz",
      "integrity": "sha512-I8vnjOmhXsMSlNMZlMkSOvgrxKJl0uOsEzdGgGNZuZPaS9KlefpE9KV95QFftlJSC+1UyCC9/I69R02cz/zcCA==",
      "license": "MIT",
      "engines": {
        "node": ">=12"
      }
    }
  }
}
